Microsoft Visual Studio Solution File, Format Version 12.00
# Visual Studio Version 17
VisualStudioVersion = 17.5.2.0
MinimumVisualStudioVersion = 10.0.40219.1
Project("{2150E333-8FDC-42A3-9474-1A3956D46DE8}") = "lab-1", "lab-1", "{BE23F390-6A9B-4676-49EC-710FA516AE06}"
EndProject
Project("{FAE04EC0-301F-11D3-BF4B-00C04F79EFBC}") = "PokemonCollectorApp", "lab-1\PokemonCollectorApp.csproj", "{5E744B27-3A9B-2F55-4370-C817C09AC504}"
EndProject
Global
	GlobalSection(SolutionConfigurationPlatforms) = preSolution
		Debug|Any CPU = Debug|Any CPU
		Release|Any CPU = Release|Any CPU
	EndGlobalSection
	GlobalSection(ProjectConfigurationPlatforms) = postSolution
		{5E744B27-3A9B-2F55-4370-C817C09AC504}.Debug|Any CPU.ActiveCfg = Debug|Any CPU
		{5E744B27-3A9B-2F55-4370-C817C09AC504}.Debug|Any CPU.Build.0 = Debug|Any CPU
		{5E744B27-3A9B-2F55-4370-C817C09AC504}.Release|Any CPU.ActiveCfg = Release|Any CPU
		{5E744B27-3A9B-2F55-4370-C817C09AC504}.Release|Any CPU.Build.0 = Release|Any CPU
	EndGlobalSection
	GlobalSection(SolutionProperties) = preSolution
		HideSolutionNode = FALSE
	EndGlobalSection
	GlobalSection(NestedProjects) = preSolution
		{5E744B27-3A9B-2F55-4370-C817C09AC504} = {BE23F390-6A9B-4676-49EC-710FA516AE06}
	EndGlobalSection
	GlobalSection(ExtensibilityGlobals) = postSolution
		SolutionGuid = {8F829188-16E1-4E7D-ACBB-E97D83CC40CD}
	EndGlobalSection
EndGlobal
